
Microsoft Visual Studio Solution File, Format Version 12.00
# Visual Studio Version 16
VisualStudioVersion = 16.0.29306.81
MinimumVisualStudioVersion = 10.0.40219.1
Project("{FAE04EC0-301F-11D3-BF4B-00C04F79EFBC}") = "CurrencyConverter.Test", "CurrencyConverter.Test.csproj", "{3D1A9B1F-F6E3-4916-96CB-7D4E023400E1}"
EndProject
Project("{FAE04EC0-301F-11D3-BF4B-00C04F79EFBC}") = "CurrencyConverter.Domain", "CurrencyConverter.Domain\CurrencyConverter.Domain.csproj", "{487BD752-4AE3-4CFC-B2D7-26A72D6ED794}"
EndProject
Global
	GlobalSection(SolutionConfigurationPlatforms) = preSolution
		Debug|Any CPU = Debug|Any CPU
		Release|Any CPU = Release|Any CPU
	EndGlobalSection
	GlobalSection(ProjectConfigurationPlatforms) = postSolution
		{3D1A9B1F-F6E3-4916-96CB-7D4E023400E1}.Debug|Any CPU.ActiveCfg = Debug|Any CPU
		{3D1A9B1F-F6E3-4916-96CB-7D4E023400E1}.Debug|Any CPU.Build.0 = Debug|Any CPU
		{3D1A9B1F-F6E3-4916-96CB-7D4E023400E1}.Release|Any CPU.ActiveCfg = Release|Any CPU
		{3D1A9B1F-F6E3-4916-96CB-7D4E023400E1}.Release|Any CPU.Build.0 = Release|Any CPU
		{487BD752-4AE3-4CFC-B2D7-26A72D6ED794}.Debug|Any CPU.ActiveCfg = Debug|Any CPU
		{487BD752-4AE3-4CFC-B2D7-26A72D6ED794}.Debug|Any CPU.Build.0 = Debug|Any CPU
		{487BD752-4AE3-4CFC-B2D7-26A72D6ED794}.Release|Any CPU.ActiveCfg = Release|Any CPU
		{487BD752-4AE3-4CFC-B2D7-26A72D6ED794}.Release|Any CPU.Build.0 = Release|Any CPU
	EndGlobalSection
	GlobalSection(SolutionProperties) = preSolution
		HideSolutionNode = FALSE
	EndGlobalSection
	GlobalSection(ExtensibilityGlobals) = postSolution
		SolutionGuid = {A642C083-AE86-4BE3-91F8-BFDE07110FAB}
	EndGlobalSection
EndGlobal
